
Microsoft Visual Studio Solution File, Format Version 12.00
# Visual Studio Version 17
VisualStudioVersion = 17.14.36221.1
MinimumVisualStudioVersion = 10.0.40219.1
Project("{FAE04EC0-301F-11D3-BF4B-00C04F79EFBC}") = "VehicleSafetyLog.API", "VehicleSafetyLog.API.csproj", "{00D9CD8F-DD0C-0658-76A2-8E246EA9A1D2}"
EndProject
Project("{FAE04EC0-301F-11D3-BF4B-00C04F79EFBC}") = "VehicleSafetyLog.Tests", "..\VehicleSafetyLog.Tests\VehicleSafetyLog.Tests.csproj", "{D5E9552A-9B64-4A24-9BB6-8532E4E60071}"
EndProject
Project("{FAE04EC0-301F-11D3-BF4B-00C04F79EFBC}") = "VehicleSafetyLog.App", "..\VehicleSafetyLog.App\VehicleSafetyLog.App.csproj", "{58B22FB4-C9D4-461F-AA58-B282666C680F}"
EndProject
Global
	GlobalSection(SolutionConfigurationPlatforms) = preSolution
		Debug|Any CPU = Debug|Any CPU
		Release|Any CPU = Release|Any CPU
	EndGlobalSection
	GlobalSection(ProjectConfigurationPlatforms) = postSolution
		{00D9CD8F-DD0C-0658-76A2-8E246EA9A1D2}.Debug|Any CPU.ActiveCfg = Debug|Any CPU
		{00D9CD8F-DD0C-0658-76A2-8E246EA9A1D2}.Debug|Any CPU.Build.0 = Debug|Any CPU
		{00D9CD8F-DD0C-0658-76A2-8E246EA9A1D2}.Release|Any CPU.ActiveCfg = Release|Any CPU
		{00D9CD8F-DD0C-0658-76A2-8E246EA9A1D2}.Release|Any CPU.Build.0 = Release|Any CPU
		{D5E9552A-9B64-4A24-9BB6-8532E4E60071}.Debug|Any CPU.ActiveCfg = Debug|Any CPU
		{D5E9552A-9B64-4A24-9BB6-8532E4E60071}.Debug|Any CPU.Build.0 = Debug|Any CPU
		{D5E9552A-9B64-4A24-9BB6-8532E4E60071}.Release|Any CPU.ActiveCfg = Release|Any CPU
		{D5E9552A-9B64-4A24-9BB6-8532E4E60071}.Release|Any CPU.Build.0 = Release|Any CPU
		{58B22FB4-C9D4-461F-AA58-B282666C680F}.Debug|Any CPU.ActiveCfg = Debug|Any CPU
		{58B22FB4-C9D4-461F-AA58-B282666C680F}.Debug|Any CPU.Build.0 = Debug|Any CPU
		{58B22FB4-C9D4-461F-AA58-B282666C680F}.Release|Any CPU.ActiveCfg = Release|Any CPU
		{58B22FB4-C9D4-461F-AA58-B282666C680F}.Release|Any CPU.Build.0 = Release|Any CPU
	EndGlobalSection
	GlobalSection(SolutionProperties) = preSolution
		HideSolutionNode = FALSE
	EndGlobalSection
	GlobalSection(ExtensibilityGlobals) = postSolution
		SolutionGuid = {CCCB3322-F4CF-47DE-BDCD-790C0D1ECCF2}
	EndGlobalSection
EndGlobal
